
Microsoft Visual Studio Solution File, Format Version 12.00
Project("{FAE04EC0-301F-11D3-BF4B-00C04F79EFBC}") = "LeagueGPTHelper", "LeagueGPTHelper.csproj", "{3AFA6F83-455B-4084-BD84-470EA8DD6FED}"
EndProject
Global
	GlobalSection(SolutionConfigurationPlatforms) = preSolution
		Debug|Any CPU = Debug|Any CPU
		Release|Any CPU = Release|Any CPU
	EndGlobalSection
	GlobalSection(ProjectConfigurationPlatforms) = postSolution
		{3AFA6F83-455B-4084-BD84-470EA8DD6FED}.Debug|Any CPU.ActiveCfg = Debug|Any CPU
		{3AFA6F83-455B-4084-BD84-470EA8DD6FED}.Debug|Any CPU.Build.0 = Debug|Any CPU
		{3AFA6F83-455B-4084-BD84-470EA8DD6FED}.Release|Any CPU.ActiveCfg = Release|Any CPU
		{3AFA6F83-455B-4084-BD84-470EA8DD6FED}.Release|Any CPU.Build.0 = Release|Any CPU
	EndGlobalSection
EndGlobal
